
Microsoft Visual Studio Solution File, Format Version 12.00
# Visual Studio Version 16
VisualStudioVersion = 16.0.28803.202
MinimumVisualStudioVersion = 10.0.40219.1
Project("{FAE04EC0-301F-11D3-BF4B-00C04F79EFBC}") = "BillTrackerAPI", "BillTrackerAPI\BillTrackerAPI.csproj", "{0F32310C-A95E-405B-AB67-36D6D0015EF1}"
EndProject
Global
	GlobalSection(SolutionConfigurationPlatforms) = preSolution
		Debug|Any CPU = Debug|Any CPU
		Release|Any CPU = Release|Any CPU
	EndGlobalSection
	GlobalSection(ProjectConfigurationPlatforms) = postSolution
		{0F32310C-A95E-405B-AB67-36D6D0015EF1}.Debug|Any CPU.ActiveCfg = Debug|Any CPU
		{0F32310C-A95E-405B-AB67-36D6D0015EF1}.Debug|Any CPU.Build.0 = Debug|Any CPU
		{0F32310C-A95E-405B-AB67-36D6D0015EF1}.Release|Any CPU.ActiveCfg = Release|Any CPU
		{0F32310C-A95E-405B-AB67-36D6D0015EF1}.Release|Any CPU.Build.0 = Release|Any CPU
	EndGlobalSection
	GlobalSection(SolutionProperties) = preSolution
		HideSolutionNode = FALSE
	EndGlobalSection
	GlobalSection(ExtensibilityGlobals) = postSolution
		SolutionGuid = {5BFB3D1F-BAC5-4563-8A22-B7B9E8098365}
	EndGlobalSection
EndGlobal
